
Microsoft Visual Studio Solution File, Format Version 12.00
# Visual Studio 2013
VisualStudioVersion = 12.0.30723.0
MinimumVisualStudioVersion = 10.0.40219.1
Project("{FAE04EC0-301F-11D3-BF4B-00C04F79EFBC}") = "AdsPCL", "AdsPCL\AdsPCL\AdsPCL.csproj", "{B4C08D2A-75C2-4EBC-898F-AA5652DA59D2}"
EndProject
Project("{FAE04EC0-301F-11D3-BF4B-00C04F79EFBC}") = "AdsPCL.iOS", "AdsPCL\AdsPCL.iOS\AdsPCL.iOS.csproj", "{142B8EA1-1B13-408F-BCD3-1134DA9EF982}"
EndProject
Project("{FAE04EC0-301F-11D3-BF4B-00C04F79EFBC}") = "AdsPCL.Android", "AdsPCL\AdsPCL.Android\AdsPCL.Android.csproj", "{AFDEE9A2-3A88-4EC5-B75D-2D24F2A1725A}"
EndProject
Project("{FAE04EC0-301F-11D3-BF4B-00C04F79EFBC}") = "AdsPCL.WinPhone", "AdsPCL\AdsPCL.WinPhone\AdsPCL.WinPhone.csproj", "{74D11CE6-5F61-4CA9-AE4F-94016512B8DE}"
EndProject
Global
	GlobalSection(SolutionConfigurationPlatforms) = preSolution
		Ad-Hoc|Any CPU = Ad-Hoc|Any CPU
		Ad-Hoc|ARM = Ad-Hoc|ARM
		Ad-Hoc|iPhone = Ad-Hoc|iPhone
		Ad-Hoc|iPhoneSimulator = Ad-Hoc|iPhoneSimulator
		Ad-Hoc|Mixed Platforms = Ad-Hoc|Mixed Platforms
		Ad-Hoc|x86 = Ad-Hoc|x86
		AppStore|Any CPU = AppStore|Any CPU
		AppStore|ARM = AppStore|ARM
		AppStore|iPhone = AppStore|iPhone
		AppStore|iPhoneSimulator = AppStore|iPhoneSimulator
		AppStore|Mixed Platforms = AppStore|Mixed Platforms
		AppStore|x86 = AppStore|x86
		Debug|Any CPU = Debug|Any CPU
		Debug|ARM = Debug|ARM
		Debug|iPhone = Debug|iPhone
		Debug|iPhoneSimulator = Debug|iPhoneSimulator
		Debug|Mixed Platforms = Debug|Mixed Platforms
		Debug|x86 = Debug|x86
		Release|Any CPU = Release|Any CPU
		Release|ARM = Release|ARM
		Release|iPhone = Release|iPhone
		Release|iPhoneSimulator = Release|iPhoneSimulator
		Release|Mixed Platforms = Release|Mixed Platforms
		Release|x86 = Release|x86
	EndGlobalSection
	GlobalSection(ProjectConfigurationPlatforms) = postSolution
		{B4C08D2A-75C2-4EBC-898F-AA5652DA59D2}.Ad-Hoc|Any CPU.ActiveCfg = Release|Any CPU
		{B4C08D2A-75C2-4EBC-898F-AA5652DA59D2}.Ad-Hoc|Any CPU.Build.0 = Release|Any CPU
		{B4C08D2A-75C2-4EBC-898F-AA5652DA59D2}.Ad-Hoc|ARM.ActiveCfg = Release|Any CPU
		{B4C08D2A-75C2-4EBC-898F-AA5652DA59D2}.Ad-Hoc|iPhone.ActiveCfg = Release|Any CPU
		{B4C08D2A-75C2-4EBC-898F-AA5652DA59D2}.Ad-Hoc|iPhoneSimulator.ActiveCfg = Release|Any CPU
		{B4C08D2A-75C2-4EBC-898F-AA5652DA59D2}.Ad-Hoc|Mixed Platforms.ActiveCfg = Release|Any CPU
		{B4C08D2A-75C2-4EBC-898F-AA5652DA59D2}.Ad-Hoc|Mixed Platforms.Build.0 = Release|Any CPU
		{B4C08D2A-75C2-4EBC-898F-AA5652DA59D2}.Ad-Hoc|x86.ActiveCfg = Release|Any CPU
		{B4C08D2A-75C2-4EBC-898F-AA5652DA59D2}.AppStore|Any CPU.ActiveCfg = Release|Any CPU
		{B4C08D2A-75C2-4EBC-898F-AA5652DA59D2}.AppStore|Any CPU.Build.0 = Release|Any CPU
		{B4C08D2A-75C2-4EBC-898F-AA5652DA59D2}.AppStore|ARM.ActiveCfg = Release|Any CPU
		{B4C08D2A-75C2-4EBC-898F-AA5652DA59D2}.AppStore|iPhone.ActiveCfg = Release|Any CPU
		{B4C08D2A-75C2-4EBC-898F-AA5652DA59D2}.AppStore|iPhoneSimulator.ActiveCfg = Release|Any CPU
		{B4C08D2A-75C2-4EBC-898F-AA5652DA59D2}.AppStore|Mixed Platforms.ActiveCfg = Release|Any CPU
		{B4C08D2A-75C2-4EBC-898F-AA5652DA59D2}.AppStore|Mixed Platforms.Build.0 = Release|Any CPU
		{B4C08D2A-75C2-4EBC-898F-AA5652DA59D2}.AppStore|x86.ActiveCfg = Release|Any CPU
		{B4C08D2A-75C2-4EBC-898F-AA5652DA59D2}.Debug|Any CPU.ActiveCfg = Debug|Any CPU
		{B4C08D2A-75C2-4EBC-898F-AA5652DA59D2}.Debug|Any CPU.Build.0 = Debug|Any CPU
		{B4C08D2A-75C2-4EBC-898F-AA5652DA59D2}.Debug|ARM.ActiveCfg = Debug|Any CPU
		{B4C08D2A-75C2-4EBC-898F-AA5652DA59D2}.Debug|iPhone.ActiveCfg = Debug|Any CPU
		{B4C08D2A-75C2-4EBC-898F-AA5652DA59D2}.Debug|iPhoneSimulator.ActiveCfg = Debug|Any CPU
		{B4C08D2A-75C2-4EBC-898F-AA5652DA59D2}.Debug|Mixed Platforms.ActiveCfg = Debug|Any CPU
		{B4C08D2A-75C2-4EBC-898F-AA5652DA59D2}.Debug|Mixed Platforms.Build.0 = Debug|Any CPU
		{B4C08D2A-75C2-4EBC-898F-AA5652DA59D2}.Debug|x86.ActiveCfg = Debug|Any CPU
		{B4C08D2A-75C2-4EBC-898F-AA5652DA59D2}.Release|Any CPU.ActiveCfg = Release|Any CPU
		{B4C08D2A-75C2-4EBC-898F-AA5652DA59D2}.Release|Any CPU.Build.0 = Release|Any CPU
		{B4C08D2A-75C2-4EBC-898F-AA5652DA59D2}.Release|ARM.ActiveCfg = Release|Any CPU
		{B4C08D2A-75C2-4EBC-898F-AA5652DA59D2}.Release|iPhone.ActiveCfg = Release|Any CPU
		{B4C08D2A-75C2-4EBC-898F-AA5652DA59D2}.Release|iPhoneSimulator.ActiveCfg = Release|Any CPU
		{B4C08D2A-75C2-4EBC-898F-AA5652DA59D2}.Release|Mixed Platforms.ActiveCfg = Release|Any CPU
		{B4C08D2A-75C2-4EBC-898F-AA5652DA59D2}.Release|Mixed Platforms.Build.0 = Release|Any CPU
		{B4C08D2A-75C2-4EBC-898F-AA5652DA59D2}.Release|x86.ActiveCfg = Release|Any CPU
		{142B8EA1-1B13-408F-BCD3-1134DA9EF982}.Ad-Hoc|Any CPU.ActiveCfg = Ad-Hoc|iPhone
		{142B8EA1-1B13-408F-BCD3-1134DA9EF982}.Ad-Hoc|ARM.ActiveCfg = Ad-Hoc|iPhone
		{142B8EA1-1B13-408F-BCD3-1134DA9EF982}.Ad-Hoc|iPhone.ActiveCfg = Ad-Hoc|iPhone
		{142B8EA1-1B13-408F-BCD3-1134DA9EF982}.Ad-Hoc|iPhone.Build.0 = Ad-Hoc|iPhone
		{142B8EA1-1B13-408F-BCD3-1134DA9EF982}.Ad-Hoc|iPhone.Deploy.0 = Ad-Hoc|iPhone
		{142B8EA1-1B13-408F-BCD3-1134DA9EF982}.Ad-Hoc|iPhoneSimulator.ActiveCfg = Ad-Hoc|iPhoneSimulator
		{142B8EA1-1B13-408F-BCD3-1134DA9EF982}.Ad-Hoc|iPhoneSimulator.Build.0 = Ad-Hoc|iPhoneSimulator
		{142B8EA1-1B13-408F-BCD3-1134DA9EF982}.Ad-Hoc|iPhoneSimulator.Deploy.0 = Ad-Hoc|iPhoneSimulator
		{142B8EA1-1B13-408F-BCD3-1134DA9EF982}.Ad-Hoc|Mixed Platforms.ActiveCfg = Ad-Hoc|iPhone
		{142B8EA1-1B13-408F-BCD3-1134DA9EF982}.Ad-Hoc|Mixed Platforms.Build.0 = Ad-Hoc|iPhone
		{142B8EA1-1B13-408F-BCD3-1134DA9EF982}.Ad-Hoc|Mixed Platforms.Deploy.0 = Ad-Hoc|iPhone
		{142B8EA1-1B13-408F-BCD3-1134DA9EF982}.Ad-Hoc|x86.ActiveCfg = Ad-Hoc|iPhone
		{142B8EA1-1B13-408F-BCD3-1134DA9EF982}.AppStore|Any CPU.ActiveCfg = AppStore|iPhone
		{142B8EA1-1B13-408F-BCD3-1134DA9EF982}.AppStore|ARM.ActiveCfg = AppStore|iPhone
		{142B8EA1-1B13-408F-BCD3-1134DA9EF982}.AppStore|iPhone.ActiveCfg = AppStore|iPhone
		{142B8EA1-1B13-408F-BCD3-1134DA9EF982}.AppStore|iPhone.Build.0 = AppStore|iPhone
		{142B8EA1-1B13-408F-BCD3-1134DA9EF982}.AppStore|iPhone.Deploy.0 = AppStore|iPhone
		{142B8EA1-1B13-408F-BCD3-1134DA9EF982}.AppStore|iPhoneSimulator.ActiveCfg = AppStore|iPhoneSimulator
		{142B8EA1-1B13-408F-BCD3-1134DA9EF982}.AppStore|iPhoneSimulator.Build.0 = AppStore|iPhoneSimulator
		{142B8EA1-1B13-408F-BCD3-1134DA9EF982}.AppStore|iPhoneSimulator.Deploy.0 = AppStore|iPhoneSimulator
		{142B8EA1-1B13-408F-BCD3-1134DA9EF982}.AppStore|Mixed Platforms.ActiveCfg = AppStore|iPhone
		{142B8EA1-1B13-408F-BCD3-1134DA9EF982}.AppStore|Mixed Platforms.Build.0 = AppStore|iPhone
		{142B8EA1-1B13-408F-BCD3-1134DA9EF982}.AppStore|Mixed Platforms.Deploy.0 = AppStore|iPhone
		{142B8EA1-1B13-408F-BCD3-1134DA9EF982}.AppStore|x86.ActiveCfg = AppStore|iPhone
		{142B8EA1-1B13-408F-BCD3-1134DA9EF982}.Debug|Any CPU.ActiveCfg = Debug|iPhone
		{142B8EA1-1B13-408F-BCD3-1134DA9EF982}.Debug|ARM.ActiveCfg = Debug|iPhone
		{142B8EA1-1B13-408F-BCD3-1134DA9EF982}.Debug|iPhone.ActiveCfg = Debug|iPhone
		{142B8EA1-1B13-408F-BCD3-1134DA9EF982}.Debug|iPhone.Build.0 = Debug|iPhone
		{142B8EA1-1B13-408F-BCD3-1134DA9EF982}.Debug|iPhone.Deploy.0 = Debug|iPhone
		{142B8EA1-1B13-408F-BCD3-1134DA9EF982}.Debug|iPhoneSimulator.ActiveCfg = Debug|iPhoneSimulator
		{142B8EA1-1B13-408F-BCD3-1134DA9EF982}.Debug|iPhoneSimulator.Build.0 = Debug|iPhoneSimulator
		{142B8EA1-1B13-408F-BCD3-1134DA9EF982}.Debug|iPhoneSimulator.Deploy.0 = Debug|iPhoneSimulator
		{142B8EA1-1B13-408F-BCD3-1134DA9EF982}.Debug|Mixed Platforms.ActiveCfg = Debug|iPhone
		{142B8EA1-1B13-408F-BCD3-1134DA9EF982}.Debug|Mixed Platforms.Build.0 = Debug|iPhone
		{142B8EA1-1B13-408F-BCD3-1134DA9EF982}.Debug|Mixed Platforms.Deploy.0 = Debug|iPhone
		{142B8EA1-1B13-408F-BCD3-1134DA9EF982}.Debug|x86.ActiveCfg = Debug|iPhone
		{142B8EA1-1B13-408F-BCD3-1134DA9EF982}.Release|Any CPU.ActiveCfg = Release|iPhone
		{142B8EA1-1B13-408F-BCD3-1134DA9EF982}.Release|ARM.ActiveCfg = Release|iPhone
		{142B8EA1-1B13-408F-BCD3-1134DA9EF982}.Release|iPhone.ActiveCfg = Release|iPhone
		{142B8EA1-1B13-408F-BCD3-1134DA9EF982}.Release|iPhone.Build.0 = Release|iPhone
		{142B8EA1-1B13-408F-BCD3-1134DA9EF982}.Release|iPhone.Deploy.0 = Release|iPhone
		{142B8EA1-1B13-408F-BCD3-1134DA9EF982}.Release|iPhoneSimulator.ActiveCfg = Release|iPhoneSimulator
		{142B8EA1-1B13-408F-BCD3-1134DA9EF982}.Release|iPhoneSimulator.Build.0 = Release|iPhoneSimulator
		{142B8EA1-1B13-408F-BCD3-1134DA9EF982}.Release|iPhoneSimulator.Deploy.0 = Release|iPhoneSimulator
		{142B8EA1-1B13-408F-BCD3-1134DA9EF982}.Release|Mixed Platforms.ActiveCfg = Release|iPhone
		{142B8EA1-1B13-408F-BCD3-1134DA9EF982}.Release|Mixed Platforms.Build.0 = Release|iPhone
		{142B8EA1-1B13-408F-BCD3-1134DA9EF982}.Release|Mixed Platforms.Deploy.0 = Release|iPhone
		{142B8EA1-1B13-408F-BCD3-1134DA9EF982}.Release|x86.ActiveCfg = Release|iPhone
		{AFDEE9A2-3A88-4EC5-B75D-2D24F2A1725A}.Ad-Hoc|Any CPU.ActiveCfg = Release|Any CPU
		{AFDEE9A2-3A88-4EC5-B75D-2D24F2A1725A}.Ad-Hoc|Any CPU.Build.0 = Release|Any CPU
		{AFDEE9A2-3A88-4EC5-B75D-2D24F2A1725A}.Ad-Hoc|Any CPU.Deploy.0 = Release|Any CPU
		{AFDEE9A2-3A88-4EC5-B75D-2D24F2A1725A}.Ad-Hoc|ARM.ActiveCfg = Release|Any CPU
		{AFDEE9A2-3A88-4EC5-B75D-2D24F2A1725A}.Ad-Hoc|iPhone.ActiveCfg = Release|Any CPU
		{AFDEE9A2-3A88-4EC5-B75D-2D24F2A1725A}.Ad-Hoc|iPhoneSimulator.ActiveCfg = Release|Any CPU
		{AFDEE9A2-3A88-4EC5-B75D-2D24F2A1725A}.Ad-Hoc|Mixed Platforms.ActiveCfg = Release|Any CPU
		{AFDEE9A2-3A88-4EC5-B75D-2D24F2A1725A}.Ad-Hoc|Mixed Platforms.Build.0 = Release|Any CPU
		{AFDEE9A2-3A88-4EC5-B75D-2D24F2A1725A}.Ad-Hoc|Mixed Platforms.Deploy.0 = Release|Any CPU
		{AFDEE9A2-3A88-4EC5-B75D-2D24F2A1725A}.Ad-Hoc|x86.ActiveCfg = Release|Any CPU
		{AFDEE9A2-3A88-4EC5-B75D-2D24F2A1725A}.AppStore|Any CPU.ActiveCfg = Release|Any CPU
		{AFDEE9A2-3A88-4EC5-B75D-2D24F2A1725A}.AppStore|Any CPU.Build.0 = Release|Any CPU
		{AFDEE9A2-3A88-4EC5-B75D-2D24F2A1725A}.AppStore|Any CPU.Deploy.0 = Release|Any CPU
		{AFDEE9A2-3A88-4EC5-B75D-2D24F2A1725A}.AppStore|ARM.ActiveCfg = Release|Any CPU
		{AFDEE9A2-3A88-4EC5-B75D-2D24F2A1725A}.AppStore|iPhone.ActiveCfg = Release|Any CPU
		{AFDEE9A2-3A88-4EC5-B75D-2D24F2A1725A}.AppStore|iPhoneSimulator.ActiveCfg = Release|Any CPU
		{AFDEE9A2-3A88-4EC5-B75D-2D24F2A1725A}.AppStore|Mixed Platforms.ActiveCfg = Release|Any CPU
		{AFDEE9A2-3A88-4EC5-B75D-2D24F2A1725A}.AppStore|Mixed Platforms.Build.0 = Release|Any CPU
		{AFDEE9A2-3A88-4EC5-B75D-2D24F2A1725A}.AppStore|Mixed Platforms.Deploy.0 = Release|Any CPU
		{AFDEE9A2-3A88-4EC5-B75D-2D24F2A1725A}.AppStore|x86.ActiveCfg = Release|Any CPU
		{AFDEE9A2-3A88-4EC5-B75D-2D24F2A1725A}.Debug|Any CPU.ActiveCfg = Debug|Any CPU
		{AFDEE9A2-3A88-4EC5-B75D-2D24F2A1725A}.Debug|Any CPU.Build.0 = Debug|Any CPU
		{AFDEE9A2-3A88-4EC5-B75D-2D24F2A1725A}.Debug|Any CPU.Deploy.0 = Debug|Any CPU
		{AFDEE9A2-3A88-4EC5-B75D-2D24F2A1725A}.Debug|ARM.ActiveCfg = Debug|Any CPU
		{AFDEE9A2-3A88-4EC5-B75D-2D24F2A1725A}.Debug|iPhone.ActiveCfg = Debug|Any CPU
		{AFDEE9A2-3A88-4EC5-B75D-2D24F2A1725A}.Debug|iPhoneSimulator.ActiveCfg = Debug|Any CPU
		{AFDEE9A2-3A88-4EC5-B75D-2D24F2A1725A}.Debug|Mixed Platforms.ActiveCfg = Debug|Any CPU
		{AFDEE9A2-3A88-4EC5-B75D-2D24F2A1725A}.Debug|Mixed Platforms.Build.0 = Debug|Any CPU
		{AFDEE9A2-3A88-4EC5-B75D-2D24F2A1725A}.Debug|Mixed Platforms.Deploy.0 = Debug|Any CPU
		{AFDEE9A2-3A88-4EC5-B75D-2D24F2A1725A}.Debug|x86.ActiveCfg = Debug|Any CPU
		{AFDEE9A2-3A88-4EC5-B75D-2D24F2A1725A}.Release|Any CPU.ActiveCfg = Release|Any CPU
		{AFDEE9A2-3A88-4EC5-B75D-2D24F2A1725A}.Release|Any CPU.Build.0 = Release|Any CPU
		{AFDEE9A2-3A88-4EC5-B75D-2D24F2A1725A}.Release|Any CPU.Deploy.0 = Release|Any CPU
		{AFDEE9A2-3A88-4EC5-B75D-2D24F2A1725A}.Release|ARM.ActiveCfg = Release|Any CPU
		{AFDEE9A2-3A88-4EC5-B75D-2D24F2A1725A}.Release|iPhone.ActiveCfg = Release|Any CPU
		{AFDEE9A2-3A88-4EC5-B75D-2D24F2A1725A}.Release|iPhoneSimulator.ActiveCfg = Release|Any CPU
		{AFDEE9A2-3A88-4EC5-B75D-2D24F2A1725A}.Release|Mixed Platforms.ActiveCfg = Release|Any CPU
		{AFDEE9A2-3A88-4EC5-B75D-2D24F2A1725A}.Release|Mixed Platforms.Build.0 = Release|Any CPU
		{AFDEE9A2-3A88-4EC5-B75D-2D24F2A1725A}.Release|Mixed Platforms.Deploy.0 = Release|Any CPU
		{AFDEE9A2-3A88-4EC5-B75D-2D24F2A1725A}.Release|x86.ActiveCfg = Release|Any CPU
		{74D11CE6-5F61-4CA9-AE4F-94016512B8DE}.Ad-Hoc|Any CPU.ActiveCfg = Release|Any CPU
		{74D11CE6-5F61-4CA9-AE4F-94016512B8DE}.Ad-Hoc|Any CPU.Build.0 = Release|Any CPU
		{74D11CE6-5F61-4CA9-AE4F-94016512B8DE}.Ad-Hoc|Any CPU.Deploy.0 = Release|Any CPU
		{74D11CE6-5F61-4CA9-AE4F-94016512B8DE}.Ad-Hoc|ARM.ActiveCfg = Release|ARM
		{74D11CE6-5F61-4CA9-AE4F-94016512B8DE}.Ad-Hoc|ARM.Build.0 = Release|ARM
		{74D11CE6-5F61-4CA9-AE4F-94016512B8DE}.Ad-Hoc|ARM.Deploy.0 = Release|ARM
		{74D11CE6-5F61-4CA9-AE4F-94016512B8DE}.Ad-Hoc|iPhone.ActiveCfg = Release|Any CPU
		{74D11CE6-5F61-4CA9-AE4F-94016512B8DE}.Ad-Hoc|iPhoneSimulator.ActiveCfg = Release|Any CPU
		{74D11CE6-5F61-4CA9-AE4F-94016512B8DE}.Ad-Hoc|Mixed Platforms.ActiveCfg = Release|x86
		{74D11CE6-5F61-4CA9-AE4F-94016512B8DE}.Ad-Hoc|Mixed Platforms.Build.0 = Release|x86
		{74D11CE6-5F61-4CA9-AE4F-94016512B8DE}.Ad-Hoc|Mixed Platforms.Deploy.0 = Release|x86
		{74D11CE6-5F61-4CA9-AE4F-94016512B8DE}.Ad-Hoc|x86.ActiveCfg = Release|x86
		{74D11CE6-5F61-4CA9-AE4F-94016512B8DE}.Ad-Hoc|x86.Build.0 = Release|x86
		{74D11CE6-5F61-4CA9-AE4F-94016512B8DE}.Ad-Hoc|x86.Deploy.0 = Release|x86
		{74D11CE6-5F61-4CA9-AE4F-94016512B8DE}.AppStore|Any CPU.ActiveCfg = Release|Any CPU
		{74D11CE6-5F61-4CA9-AE4F-94016512B8DE}.AppStore|Any CPU.Build.0 = Release|Any CPU
		{74D11CE6-5F61-4CA9-AE4F-94016512B8DE}.AppStore|Any CPU.Deploy.0 = Release|Any CPU
		{74D11CE6-5F61-4CA9-AE4F-94016512B8DE}.AppStore|ARM.ActiveCfg = Release|ARM
		{74D11CE6-5F61-4CA9-AE4F-94016512B8DE}.AppStore|ARM.Build.0 = Release|ARM
		{74D11CE6-5F61-4CA9-AE4F-94016512B8DE}.AppStore|ARM.Deploy.0 = Release|ARM
		{74D11CE6-5F61-4CA9-AE4F-94016512B8DE}.AppStore|iPhone.ActiveCfg = Release|Any CPU
		{74D11CE6-5F61-4CA9-AE4F-94016512B8DE}.AppStore|iPhoneSimulator.ActiveCfg = Release|Any CPU
		{74D11CE6-5F61-4CA9-AE4F-94016512B8DE}.AppStore|Mixed Platforms.ActiveCfg = Release|x86
		{74D11CE6-5F61-4CA9-AE4F-94016512B8DE}.AppStore|Mixed Platforms.Build.0 = Release|x86
		{74D11CE6-5F61-4CA9-AE4F-94016512B8DE}.AppStore|Mixed Platforms.Deploy.0 = Release|x86
		{74D11CE6-5F61-4CA9-AE4F-94016512B8DE}.AppStore|x86.ActiveCfg = Release|x86
		{74D11CE6-5F61-4CA9-AE4F-94016512B8DE}.AppStore|x86.Build.0 = Release|x86
		{74D11CE6-5F61-4CA9-AE4F-94016512B8DE}.AppStore|x86.Deploy.0 = Release|x86
		{74D11CE6-5F61-4CA9-AE4F-94016512B8DE}.Debug|Any CPU.ActiveCfg = Debug|Any CPU
		{74D11CE6-5F61-4CA9-AE4F-94016512B8DE}.Debug|Any CPU.Build.0 = Debug|Any CPU
		{74D11CE6-5F61-4CA9-AE4F-94016512B8DE}.Debug|Any CPU.Deploy.0 = Debug|Any CPU
		{74D11CE6-5F61-4CA9-AE4F-94016512B8DE}.Debug|ARM.ActiveCfg = Debug|ARM
		{74D11CE6-5F61-4CA9-AE4F-94016512B8DE}.Debug|ARM.Build.0 = Debug|ARM
		{74D11CE6-5F61-4CA9-AE4F-94016512B8DE}.Debug|ARM.Deploy.0 = Debug|ARM
		{74D11CE6-5F61-4CA9-AE4F-94016512B8DE}.Debug|iPhone.ActiveCfg = Debug|Any CPU
		{74D11CE6-5F61-4CA9-AE4F-94016512B8DE}.Debug|iPhoneSimulator.ActiveCfg = Debug|Any CPU
		{74D11CE6-5F61-4CA9-AE4F-94016512B8DE}.Debug|Mixed Platforms.ActiveCfg = Debug|x86
		{74D11CE6-5F61-4CA9-AE4F-94016512B8DE}.Debug|Mixed Platforms.Build.0 = Debug|x86
		{74D11CE6-5F61-4CA9-AE4F-94016512B8DE}.Debug|Mixed Platforms.Deploy.0 = Debug|x86
		{74D11CE6-5F61-4CA9-AE4F-94016512B8DE}.Debug|x86.ActiveCfg = Debug|x86
		{74D11CE6-5F61-4CA9-AE4F-94016512B8DE}.Debug|x86.Build.0 = Debug|x86
		{74D11CE6-5F61-4CA9-AE4F-94016512B8DE}.Debug|x86.Deploy.0 = Debug|x86
		{74D11CE6-5F61-4CA9-AE4F-94016512B8DE}.Release|Any CPU.ActiveCfg = Release|Any CPU
		{74D11CE6-5F61-4CA9-AE4F-94016512B8DE}.Release|Any CPU.Build.0 = Release|Any CPU
		{74D11CE6-5F61-4CA9-AE4F-94016512B8DE}.Release|Any CPU.Deploy.0 = Release|Any CPU
		{74D11CE6-5F61-4CA9-AE4F-94016512B8DE}.Release|ARM.ActiveCfg = Release|ARM
		{74D11CE6-5F61-4CA9-AE4F-94016512B8DE}.Release|ARM.Build.0 = Release|ARM
		{74D11CE6-5F61-4CA9-AE4F-94016512B8DE}.Release|ARM.Deploy.0 = Release|ARM
		{74D11CE6-5F61-4CA9-AE4F-94016512B8DE}.Release|iPhone.ActiveCfg = Release|Any CPU
		{74D11CE6-5F61-4CA9-AE4F-94016512B8DE}.Release|iPhoneSimulator.ActiveCfg = Release|Any CPU
		{74D11CE6-5F61-4CA9-AE4F-94016512B8DE}.Release|Mixed Platforms.ActiveCfg = Release|x86
		{74D11CE6-5F61-4CA9-AE4F-94016512B8DE}.Release|Mixed Platforms.Build.0 = Release|x86
		{74D11CE6-5F61-4CA9-AE4F-94016512B8DE}.Release|Mixed Platforms.Deploy.0 = Release|x86
		{74D11CE6-5F61-4CA9-AE4F-94016512B8DE}.Release|x86.ActiveCfg = Release|x86
		{74D11CE6-5F61-4CA9-AE4F-94016512B8DE}.Release|x86.Build.0 = Release|x86
		{74D11CE6-5F61-4CA9-AE4F-94016512B8DE}.Release|x86.Deploy.0 = Release|x86
	EndGlobalSection
	GlobalSection(SolutionProperties) = preSolution
		HideSolutionNode = FALSE
	EndGlobalSection
EndGlobal
